{
    "_readme": [
        "This file locks the dependencies of your project to a known state",
        "Read more about it at https://getcomposer.org/doc/01-basic-usage.md#composer-lock-the-lock-file",
        "This file is @generated automatically"
    ],
    "content-hash": "0072c028ef6eaa0c9e9ef79b27145be2",
    "packages": [
        {
            "name": "cubiclesoft/to-composer",
            "version": "1.0.44",
            "source": {
                "type": "git",
                "url": "https://github.com/cubiclesoft/php-libs-to-composer.git",
                "reference": "f1287a243c75ee419c1d5a8828beeacb0c89f40b"
            },
            "dist": {
                "type": "zip",
                "url": "https://api.github.com/repos/cubiclesoft/php-libs-to-composer/zipball/f1287a243c75ee419c1d5a8828beeacb0c89f40b",
                "reference": "f1287a243c75ee419c1d5a8828beeacb0c89f40b",
                "shasum": ""
            },
            "require": {
                "pear/net_dns2": "1.*",
                "php": ">=5.5"
            },
            "type": "library",
            "autoload": {
                "psr-4": {
                    "CubicleSoft\\": "src/"
                }
            },
            "notification-url": "https://packagist.org/downloads/",
            "license": [
                "MIT"
            ],
            "authors": [
                {
                    "name": "CubicleSoft",
                    "email": "support@cubiclesoft.com",
                    "homepage": "http://cubiclesoft.com/",
                    "role": "Developer"
                }
            ],
            "description": "CubicleSoft PHP Software Development Libraries for Composer",
            "homepage": "http://cubiclesoft.com/",
            "keywords": [
                "CubicleSoft",
                "IP",
                "RNG",
                "app startup",
                "async",
                "calendar",
                "crc32",
                "csdb",
                "csprng",
                "curl",
                "curl emulation layer",
                "database",
                "db",
                "deflate",
                "email",
                "event",
                "html filter",
                "http",
                "http client",
                "http server",
                "ipaddr",
                "mime",
                "mysql",
                "oracle",
                "parser",
                "php",
                "pop3",
                "postgres",
                "postgresql",
                "receiving",
                "sending",
                "simple html dom",
                "smtp",
                "sqlite",
                "startup",
                "string",
                "tag filter",
                "unicode",
                "utf-8",
                "web browser",
                "web browser emulation layer",
                "web server",
                "websocket",
                "websocket client",
                "websocket server"
            ],
            "time": "2017-11-17T08:30:30+00:00"
        },
        {
            "name": "pear/net_dns2",
            "version": "v1.4.3",
            "source": {
                "type": "git",
                "url": "https://github.com/mikepultz/netdns2.git",
                "reference": "24c84c98c8a85a1f3b6aa9b17df60d32a2d254e9"
            },
            "dist": {
                "type": "zip",
                "url": "https://api.github.com/repos/mikepultz/netdns2/zipball/24c84c98c8a85a1f3b6aa9b17df60d32a2d254e9",
                "reference": "24c84c98c8a85a1f3b6aa9b17df60d32a2d254e9",
                "shasum": ""
            },
            "require": {
                "php": ">=5.1.2"
            },
            "type": "library",
            "autoload": {
                "psr-0": {
                    "Net_DNS2": ""
                }
            },
            "notification-url": "https://packagist.org/downloads/",
            "license": [
                "BSD-2-Clause"
            ],
            "authors": [
                {
                    "name": "Mike Pultz",
                    "email": "mike@mikepultz.com",
                    "homepage": "https://mikepultz.com/",
                    "role": "Developer"
                }
            ],
            "description": "Native PHP5 DNS Resolver and Updater Library",
            "homepage": "https://netdns2.com/",
            "keywords": [
                "PEAR",
                "dns",
                "network"
            ],
            "time": "2017-02-12T21:14:52+00:00"
        },
        {
            "name": "phpseclib/phpseclib",
            "version": "2.0.7",
            "source": {
                "type": "git",
                "url": "https://github.com/phpseclib/phpseclib.git",
                "reference": "f4b6a522dfa1fd1e477c9cfe5909d5b31f098c0b"
            },
            "dist": {
                "type": "zip",
                "url": "https://api.github.com/repos/phpseclib/phpseclib/zipball/f4b6a522dfa1fd1e477c9cfe5909d5b31f098c0b",
                "reference": "f4b6a522dfa1fd1e477c9cfe5909d5b31f098c0b",
                "shasum": ""
            },
            "require": {
                "php": ">=5.3.3"
            },
            "require-dev": {
                "phing/phing": "~2.7",
                "phpunit/phpunit": "~4.0",
                "sami/sami": "~2.0",
                "squizlabs/php_codesniffer": "~2.0"
            },
            "suggest": {
                "ext-gmp": "Install the GMP (GNU Multiple Precision) extension in order to speed up arbitrary precision integer arithmetic operations.",
                "ext-libsodium": "SSH2/SFTP can make use of some algorithms provided by the libsodium-php extension.",
                "ext-mcrypt": "Install the Mcrypt extension in order to speed up a few other cryptographic operations.",
                "ext-openssl": "Install the OpenSSL extension in order to speed up a wide variety of cryptographic operations."
            },
            "type": "library",
            "autoload": {
                "files": [
                    "phpseclib/bootstrap.php"
                ],
                "psr-4": {
                    "phpseclib\\": "phpseclib/"
                }
            },
            "notification-url": "https://packagist.org/downloads/",
            "license": [
                "MIT"
            ],
            "authors": [
                {
                    "name": "Jim Wigginton",
                    "email": "terrafrost@php.net",
                    "role": "Lead Developer"
                },
                {
                    "name": "Patrick Monnerat",
                    "email": "pm@datasphere.ch",
                    "role": "Developer"
                },
                {
                    "name": "Andreas Fischer",
                    "email": "bantu@phpbb.com",
                    "role": "Developer"
                },
                {
                    "name": "Hans-Jürgen Petrich",
                    "email": "petrich@tronic-media.com",
                    "role": "Developer"
                },
                {
                    "name": "Graham Campbell",
                    "email": "graham@alt-three.com",
                    "role": "Developer"
                }
            ],
            "description": "PHP Secure Communications Library - Pure-PHP implementations of RSA, AES, SSH2, SFTP, X.509 etc.",
            "homepage": "http://phpseclib.sourceforge.net",
            "keywords": [
                "BigInteger",
                "aes",
                "asn.1",
                "asn1",
                "blowfish",
                "crypto",
                "cryptography",
                "encryption",
                "rsa",
                "security",
                "sftp",
                "signature",
                "signing",
                "ssh",
                "twofish",
                "x.509",
                "x509"
            ],
            "time": "2017-10-23T05:04:54+00:00"
        }
    ],
    "packages-dev": [],
    "aliases": [],
    "minimum-stability": "stable",
    "stability-flags": [],
    "prefer-stable": false,
    "prefer-lowest": false,
    "platform": [],
    "platform-dev": []
}
